
Microsoft Visual Studio Solution File, Format Version 12.00
# Visual Studio Version 16
VisualStudioVersion = 16.0.31424.327
MinimumVisualStudioVersion = 10.0.40219.1
Project("{FAE04EC0-301F-11D3-BF4B-00C04F79EFBC}") = "ExeResolvLinq", "ExeResolvLinq.csproj", "{CBCC53C1-2166-40DA-B800-1CEDD2939367}"
EndProject
Global
	GlobalSection(SolutionConfigurationPlatforms) = preSolution
		Debug|Any CPU = Debug|Any CPU
		Release|Any CPU = Release|Any CPU
	EndGlobalSection
	GlobalSection(ProjectConfigurationPlatforms) = postSolution
		{CBCC53C1-2166-40DA-B800-1CEDD2939367}.Debug|Any CPU.ActiveCfg = Debug|Any CPU
		{CBCC53C1-2166-40DA-B800-1CEDD2939367}.Debug|Any CPU.Build.0 = Debug|Any CPU
		{CBCC53C1-2166-40DA-B800-1CEDD2939367}.Release|Any CPU.ActiveCfg = Release|Any CPU
		{CBCC53C1-2166-40DA-B800-1CEDD2939367}.Release|Any CPU.Build.0 = Release|Any CPU
	EndGlobalSection
	GlobalSection(SolutionProperties) = preSolution
		HideSolutionNode = FALSE
	EndGlobalSection
	GlobalSection(ExtensibilityGlobals) = postSolution
		SolutionGuid = {3CA8D91E-92C4-433C-B839-AFD65D894B3E}
	EndGlobalSection
EndGlobal
